
Microsoft Visual Studio Solution File, Format Version 12.00
# Visual Studio Version 17
VisualStudioVersion = 17.11.35312.102
MinimumVisualStudioVersion = 10.0.40219.1
Project("{FAE04EC0-301F-11D3-BF4B-00C04F79EFBC}") = "Parkering - Gruppupgift 1", "Parkering - Gruppupgift 1\Parkering - Gruppupgift 1.csproj", "{3F7CD3B2-5BB4-4A0F-9DC6-61BC18D383BC}"
EndProject
Global
	GlobalSection(SolutionConfigurationPlatforms) = preSolution
		Debug|Any CPU = Debug|Any CPU
		Release|Any CPU = Release|Any CPU
	EndGlobalSection
	GlobalSection(ProjectConfigurationPlatforms) = postSolution
		{3F7CD3B2-5BB4-4A0F-9DC6-61BC18D383BC}.Debug|Any CPU.ActiveCfg = Debug|Any CPU
		{3F7CD3B2-5BB4-4A0F-9DC6-61BC18D383BC}.Debug|Any CPU.Build.0 = Debug|Any CPU
		{3F7CD3B2-5BB4-4A0F-9DC6-61BC18D383BC}.Release|Any CPU.ActiveCfg = Release|Any CPU
		{3F7CD3B2-5BB4-4A0F-9DC6-61BC18D383BC}.Release|Any CPU.Build.0 = Release|Any CPU
	EndGlobalSection
	GlobalSection(SolutionProperties) = preSolution
		HideSolutionNode = FALSE
	EndGlobalSection
	GlobalSection(ExtensibilityGlobals) = postSolution
		SolutionGuid = {CE1849B2-51AD-4802-9E56-87DAA81A4548}
	EndGlobalSection
EndGlobal
